
Microsoft Visual Studio Solution File, Format Version 12.00
# Visual Studio 15
Project("{FAE04EC0-301F-11D3-BF4B-00C04F79EFBC}") = "ReactCSharpPractice", "ReactCSharpPractice\ReactCSharpPractice.csproj", "{0BD00ECE-1B0F-422D-98CA-1ADCC5841E96}"
EndProject
Global
	GlobalSection(SolutionConfigurationPlatforms) = preSolution
		Debug|Any CPU = Debug|Any CPU
		Release|Any CPU = Release|Any CPU
	EndGlobalSection
	GlobalSection(ProjectConfigurationPlatforms) = postSolution
		{0BD00ECE-1B0F-422D-98CA-1ADCC5841E96}.Debug|Any CPU.ActiveCfg = Debug|Any CPU
		{0BD00ECE-1B0F-422D-98CA-1ADCC5841E96}.Debug|Any CPU.Build.0 = Debug|Any CPU
		{0BD00ECE-1B0F-422D-98CA-1ADCC5841E96}.Release|Any CPU.ActiveCfg = Release|Any CPU
		{0BD00ECE-1B0F-422D-98CA-1ADCC5841E96}.Release|Any CPU.Build.0 = Release|Any CPU
	EndGlobalSection
EndGlobal
